
Microsoft Visual Studio Solution File, Format Version 12.00
# Visual Studio Version 16
VisualStudioVersion = 16.0.30011.22
MinimumVisualStudioVersion = 10.0.40219.1
Project("{FAE04EC0-301F-11D3-BF4B-00C04F79EFBC}") = "VidlyMain", "VidlyMain\VidlyMain.csproj", "{0BF9421A-2010-4336-A66C-5456EFD16C58}"
EndProject
Global
	GlobalSection(SolutionConfigurationPlatforms) = preSolution
		Debug|Any CPU = Debug|Any CPU
		Release|Any CPU = Release|Any CPU
	EndGlobalSection
	GlobalSection(ProjectConfigurationPlatforms) = postSolution
		{0BF9421A-2010-4336-A66C-5456EFD16C58}.Debug|Any CPU.ActiveCfg = Debug|Any CPU
		{0BF9421A-2010-4336-A66C-5456EFD16C58}.Debug|Any CPU.Build.0 = Debug|Any CPU
		{0BF9421A-2010-4336-A66C-5456EFD16C58}.Release|Any CPU.ActiveCfg = Release|Any CPU
		{0BF9421A-2010-4336-A66C-5456EFD16C58}.Release|Any CPU.Build.0 = Release|Any CPU
	EndGlobalSection
	GlobalSection(SolutionProperties) = preSolution
		HideSolutionNode = FALSE
	EndGlobalSection
	GlobalSection(ExtensibilityGlobals) = postSolution
		SolutionGuid = {E12585B9-3228-48A8-9580-A094E98A5B98}
	EndGlobalSection
EndGlobal
